// !$*UTF8*$!
{
	archiveVersion = 1;
	classes = {
	};
	objectVersion = 46;
	objects = {

/* Begin PBXBuildFile section */
		F30BC2A41C3F5D5800B24E57 /* ActivityTheme.plist in Resources */ = {isa = PBXBuildFile; fileRef = F30BC2A31C3F5D5800B24E57 /* ActivityTheme.plist */; };
		F30BC2A71C3F5ECD00B24E57 /* ActivityThemeView.m in Sources */ = {isa = PBXBuildFile; fileRef = F30BC2A61C3F5ECD00B24E57 /* ActivityThemeView.m */; };
		F30C35931C451F610075C894 /* Discover.plist in Resources */ = {isa = PBXBuildFile; fileRef = F30C35921C451F610075C894 /* Discover.plist */; };
		F31B49A61C3B8D49003BDB2F /* Main.plist in Resources */ = {isa = PBXBuildFile; fileRef = F31B49A51C3B8D49003BDB2F /* Main.plist */; };
		F31B49A91C3BA07D003BDB2F /* MainModel.m in Sources */ = {isa = PBXBuildFile; fileRef = F31B49A81C3BA07D003BDB2F /* MainModel.m */; };
		F34943553F4559677BC84084 /* libPods.a in Frameworks */ = {isa = PBXBuildFile; fileRef = 87C879D2E6B29165AAEF5204 /* libPods.a */; };
		F360C5111C43913100CBB1DC /* VOContentLayer.m in Sources */ = {isa = PBXBuildFile; fileRef = F360C50A1C43913100CBB1DC /* VOContentLayer.m */; };
		F360C5121C43913100CBB1DC /* VOIndicatorAnimation.m in Sources */ = {isa = PBXBuildFile; fileRef = F360C50C1C43913100CBB1DC /* VOIndicatorAnimation.m */; };
		F360C5131C43913100CBB1DC /* VOSegment.m in Sources */ = {isa = PBXBuildFile; fileRef = F360C50E1C43913100CBB1DC /* VOSegment.m */; };
		F360C5141C43913100CBB1DC /* VOSegmentedControl.m in Sources */ = {isa = PBXBuildFile; fileRef = F360C5101C43913100CBB1DC /* VOSegmentedControl.m */; };
		F36FAEB31C3A767C00390961 /* MainTableViewCell.m in Sources */ = {isa = PBXBuildFile; fileRef = F36FAEB11C3A767C00390961 /* MainTableViewCell.m */; };
		F36FAEB41C3A767C00390961 /* MainTableViewCell.xib in Resources */ = {isa = PBXBuildFile; fileRef = F36FAEB21C3A767C00390961 /* MainTableViewCell.xib */; };
		F39D49DC1C3E4C42002B12B5 /* HWTools.m in Sources */ = {isa = PBXBuildFile; fileRef = F39D49DB1C3E4C42002B12B5 /* HWTools.m */; };
		F39D49DF1C3E5B17002B12B5 /* UIView+Extesion.m in Sources */ = {isa = PBXBuildFile; fileRef = F39D49DE1C3E5B17002B12B5 /* UIView+Extesion.m */; };
		F39F3BAE1C423423008BA3B9 /* HotThemeTableViewCell.m in Sources */ = {isa = PBXBuildFile; fileRef = F39F3BAC1C423423008BA3B9 /* HotThemeTableViewCell.m */; };
		F39F3BAF1C423423008BA3B9 /* HotThemeTableViewCell.xib in Resources */ = {isa = PBXBuildFile; fileRef = F39F3BAD1C423423008BA3B9 /* HotThemeTableViewCell.xib */; };
		F39F3BB21C4235BA008BA3B9 /* HotThemeModel.m in Sources */ = {isa = PBXBuildFile; fileRef = F39F3BB11C4235BA008BA3B9 /* HotThemeModel.m */; };
		F39F3BB41C42522E008BA3B9 /* HotTheme.plist in Resources */ = {isa = PBXBuildFile; fileRef = F39F3BB31C42522E008BA3B9 /* HotTheme.plist */; };
		F39F80271C3CBC27003B9212 /* SelectCityViewController.m in Sources */ = {isa = PBXBuildFile; fileRef = F39F80261C3CBC27003B9212 /* SelectCityViewController.m */; };
		F39F802A1C3CBD9D003B9212 /* SearchViewController.m in Sources */ = {isa = PBXBuildFile; fileRef = F39F80291C3CBD9D003B9212 /* SearchViewController.m */; };
		F39F802D1C3CBE6F003B9212 /* ActivityDetailViewController.m in Sources */ = {isa = PBXBuildFile; fileRef = F39F802C1C3CBE6F003B9212 /* ActivityDetailViewController.m */; };
		F39F80301C3CBF43003B9212 /* ThemeViewController.m in Sources */ = {isa = PBXBuildFile; fileRef = F39F802F1C3CBF43003B9212 /* ThemeViewController.m */; };
		F39F80331C3CBFFF003B9212 /* ClassfyViewController.m in Sources */ = {isa = PBXBuildFile; fileRef = F39F80321C3CBFFF003B9212 /* ClassfyViewController.m */; };
		F39F80361C3CC06B003B9212 /* GoodActivityViewController.m in Sources */ = {isa = PBXBuildFile; fileRef = F39F80351C3CC06B003B9212 /* GoodActivityViewController.m */; };
		F39F80391C3CC07D003B9212 /* HotActivityViewController.m in Sources */ = {isa = PBXBuildFile; fileRef = F39F80381C3CC07D003B9212 /* HotActivityViewController.m */; };
		F39F80411C3D1B13003B9212 /* ActivityDetail.plist in Resources */ = {isa = PBXBuildFile; fileRef = F39F80401C3D1B13003B9212 /* ActivityDetail.plist */; };
		F39F80441C3D2085003B9212 /* UIViewController+Common.m in Sources */ = {isa = PBXBuildFile; fileRef = F39F80431C3D2085003B9212 /* UIViewController+Common.m */; };
		F3A154321C462C1600C03829 /* MessageUI.framework in Frameworks */ = {isa = PBXBuildFile; fileRef = F3A154311C462C1600C03829 /* MessageUI.framework */; };
		F3A154431C46500700C03829 /* QuartzCore.framework in Frameworks */ = {isa = PBXBuildFile; fileRef = F3A154421C46500700C03829 /* QuartzCore.framework */; };
		F3A154451C46501400C03829 /* ImageIO.framework in Frameworks */ = {isa = PBXBuildFile; fileRef = F3A154441C46501400C03829 /* ImageIO.framework */; };
		F3A154471C46503000C03829 /* SystemConfiguration.framework in Frameworks */ = {isa = PBXBuildFile; fileRef = F3A154461C46503000C03829 /* SystemConfiguration.framework */; };
		F3A154491C46503B00C03829 /* Security.framework in Frameworks */ = {isa = PBXBuildFile; fileRef = F3A154481C46503B00C03829 /* Security.framework */; };
		F3A1544B1C46504A00C03829 /* CoreTelephony.framework in Frameworks */ = {isa = PBXBuildFile; fileRef = F3A1544A1C46504A00C03829 /* CoreTelephony.framework */; };
		F3A1544D1C46505400C03829 /* CoreText.framework in Frameworks */ = {isa = PBXBuildFile; fileRef = F3A1544C1C46505400C03829 /* CoreText.framework */; };
		F3A1544F1C46505E00C03829 /* UIKit.framework in Frameworks */ = {isa = PBXBuildFile; fileRef = F3A1544E1C46505E00C03829 /* UIKit.framework */; };
		F3A154511C46506D00C03829 /* Foundation.framework in Frameworks */ = {isa = PBXBuildFile; fileRef = F3A154501C46506D00C03829 /* Foundation.framework */; };
		F3A154531C46507B00C03829 /* CoreGraphics.framework in Frameworks */ = {isa = PBXBuildFile; fileRef = F3A154521C46507B00C03829 /* CoreGraphics.framework */; };
		F3A154551C46510800C03829 /* libz.tbd in Frameworks */ = {isa = PBXBuildFile; fileRef = F3A154541C46510800C03829 /* libz.tbd */; };
		F3A154571C46511900C03829 /* libsqlite3.tbd in Frameworks */ = {isa = PBXBuildFile; fileRef = F3A154561C46511900C03829 /* libsqlite3.tbd */; };
		F3A8EE511C3E10E800137082 /* ActivityView.m in Sources */ = {isa = PBXBuildFile; fileRef = F3A8EE501C3E10E800137082 /* ActivityView.m */; };
		F3B5747C1C83D06800037955 /* Login.storyboard in Resources */ = {isa = PBXBuildFile; fileRef = F3B5747B1C83D06800037955 /* Login.storyboard */; };
		F3B5747F1C83D09100037955 /* LoginViewController.m in Sources */ = {isa = PBXBuildFile; fileRef = F3B5747E1C83D09100037955 /* LoginViewController.m */; };
		F3B574861C8422E800037955 /* CoreLocation.framework in Frameworks */ = {isa = PBXBuildFile; fileRef = F3B574851C8422E800037955 /* CoreLocation.framework */; };
		F3C1865E1C410B010045E19F /* GoodActivityTableViewCell.m in Sources */ = {isa = PBXBuildFile; fileRef = F3C1865C1C410B010045E19F /* GoodActivityTableViewCell.m */; };
		F3C1865F1C410B010045E19F /* GoodActivityTableViewCell.xib in Resources */ = {isa = PBXBuildFile; fileRef = F3C1865D1C410B010045E19F /* GoodActivityTableViewCell.xib */; };
		F3C7FC2F1C47237F00AA8C37 /* libWeiboSDK.a in Frameworks */ = {isa = PBXBuildFile; fileRef = F3C7FC231C47237F00AA8C37 /* libWeiboSDK.a */; };
		F3C7FC301C47237F00AA8C37 /* WeiboSDK.bundle in Resources */ = {isa = PBXBuildFile; fileRef = F3C7FC2C1C47237F00AA8C37 /* WeiboSDK.bundle */; };
		F3C7FC351C47238B00AA8C37 /* libWeChatSDK.a in Frameworks */ = {isa = PBXBuildFile; fileRef = F3C7FC321C47238B00AA8C37 /* libWeChatSDK.a */; };
		F3C7FC371C47288F00AA8C37 /* libc++.tbd in Frameworks */ = {isa = PBXBuildFile; fileRef = F3C7FC361C47288F00AA8C37 /* libc++.tbd */; };
		F3C7FC3A1C47386200AA8C37 /* ShareView.m in Sources */ = {isa = PBXBuildFile; fileRef = F3C7FC391C47386200AA8C37 /* ShareView.m */; };
		F3C7FC3D1C474DE800AA8C37 /* ShareViewController.m in Sources */ = {isa = PBXBuildFile; fileRef = F3C7FC3C1C474DE800AA8C37 /* ShareViewController.m */; };
		F3CDFDDF1C3A1C3200ECDA7C /* main.m in Sources */ = {isa = PBXBuildFile; fileRef = F3CDFDDE1C3A1C3200ECDA7C /* main.m */; };
		F3CDFDE21C3A1C3200ECDA7C /* AppDelegate.m in Sources */ = {isa = PBXBuildFile; fileRef = F3CDFDE11C3A1C3200ECDA7C /* AppDelegate.m */; };
		F3CDFDE41C3A1C3200ECDA7C /* Assets.xcassets in Resources */ = {isa = PBXBuildFile; fileRef = F3CDFDE31C3A1C3200ECDA7C /* Assets.xcassets */; };
		F3CDFDE71C3A1C3200ECDA7C /* LaunchScreen.storyboard in Resources */ = {isa = PBXBuildFile; fileRef = F3CDFDE51C3A1C3200ECDA7C /* LaunchScreen.storyboard */; };
		F3CDFE3A1C3A4DC600ECDA7C /* DiscoverViewController.m in Sources */ = {isa = PBXBuildFile; fileRef = F3CDFE2B1C3A4DC600ECDA7C /* DiscoverViewController.m */; };
		F3CDFE3B1C3A4DC600ECDA7C /* MainViewController.m in Sources */ = {isa = PBXBuildFile; fileRef = F3CDFE311C3A4DC600ECDA7C /* MainViewController.m */; };
		F3CDFE3C1C3A4DC600ECDA7C /* MineViewController.m in Sources */ = {isa = PBXBuildFile; fileRef = F3CDFE371C3A4DC600ECDA7C /* MineViewController.m */; };
		F3CDFE401C3A506B00ECDA7C /* Main.storyboard in Resources */ = {isa = PBXBuildFile; fileRef = F3CDFE3F1C3A506B00ECDA7C /* Main.storyboard */; };
		F3CDFE421C3A508200ECDA7C /* Discover.storyboard in Resources */ = {isa = PBXBuildFile; fileRef = F3CDFE411C3A508200ECDA7C /* Discover.storyboard */; };
		F3CDFE441C3A509300ECDA7C /* Mine.storyboard in Resources */ = {isa = PBXBuildFile; fileRef = F3CDFE431C3A509300ECDA7C /* Mine.storyboard */; };
		F3E7982D1C449EFB0073AF14 /* ProgressHUD.bundle in Resources */ = {isa = PBXBuildFile; fileRef = F3E7982A1C449EFB0073AF14 /* ProgressHUD.bundle */; };
		F3E7982E1C449EFB0073AF14 /* ProgressHUD.m in Sources */ = {isa = PBXBuildFile; fileRef = F3E7982C1C449EFB0073AF14 /* ProgressHUD.m */; };
		F3E798321C44FAD50073AF14 /* DiscoverTableViewCell.m in Sources */ = {isa = PBXBuildFile; fileRef = F3E798301C44FAD50073AF14 /* DiscoverTableViewCell.m */; };
		F3E798331C44FAD50073AF14 /* DiscoverTableViewCell.xib in Resources */ = {isa = PBXBuildFile; fileRef = F3E798311C44FAD50073AF14 /* DiscoverTableViewCell.xib */; };
		F3E798691C4512750073AF14 /* DiscoverModel.m in Sources */ = {isa = PBXBuildFile; fileRef = F3E798681C4512750073AF14 /* DiscoverModel.m */; };
		F3F35DF51C47CD5200A54519 /* Best周末.jpg in Resources */ = {isa = PBXBuildFile; fileRef = F3F35DF41C47CD5200A54519 /* Best周末.jpg */; };
		F3F544191C3FA0C600B0C1E8 /* blueArrow.png in Resources */ = {isa = PBXBuildFile; fileRef = F3F544151C3FA0C600B0C1E8 /* blueArrow.png */; };
		F3F5441A1C3FA0C600B0C1E8 /* blueArrowDown.png in Resources */ = {isa = PBXBuildFile; fileRef = F3F544161C3FA0C600B0C1E8 /* blueArrowDown.png */; };
		F3F5441B1C3FA0C600B0C1E8 /* PullingRefreshTableView.m in Sources */ = {isa = PBXBuildFile; fileRef = F3F544181C3FA0C600B0C1E8 /* PullingRefreshTableView.m */; settings = {COMPILER_FLAGS = "-fno-objc-arc"; }; };
		F3F7DFD71C3FBE610077546A /* GoodActivityModel.m in Sources */ = {isa = PBXBuildFile; fileRef = F3F7DFD61C3FBE610077546A /* GoodActivityModel.m */; };
		F3F7DFD91C3FC2270077546A /* good.plist in Resources */ = {isa = PBXBuildFile; fileRef = F3F7DFD81C3FC2270077546A /* good.plist */; };
		F3FBF8661C43A86000D92381 /* typeid6.plist in Resources */ = {isa = PBXBuildFile; fileRef = F3FBF8651C43A86000D92381 /* typeid6.plist */; };
		F3FBF8681C43A86600D92381 /* typeid23.plist in Resources */ = {isa = PBXBuildFile; fileRef = F3FBF8671C43A86600D92381 /* typeid23.plist */; };
		F3FBF86A1C43A86C00D92381 /* typeid22.plist in Resources */ = {isa = PBXBuildFile; fileRef = F3FBF8691C43A86C00D92381 /* typeid22.plist */; };
		F3FBF86C1C43A87200D92381 /* typeud21.plist in Resources */ = {isa = PBXBuildFile; fileRef = F3FBF86B1C43A87200D92381 /* typeud21.plist */; };
/* End PBXBuildFile section */

/* Begin PBXFileReference section */
		473CA0BCF906FDE37D28A026 /* Pods.debug.xcconfig */ = {isa = PBXFileReference; includeInIndex = 1; lastKnownFileType = text.xcconfig; name = Pods.debug.xcconfig; path = "Pods/Target Support Files/Pods/Pods.debug.xcconfig"; sourceTree = "<group>"; };
		87C879D2E6B29165AAEF5204 /* libPods.a */ = {isa = PBXFileReference; explicitFileType = archive.ar; includeInIndex = 0; path = libPods.a; sourceTree = BUILT_PRODUCTS_DIR; };
		A4BF24AFDE9D41F184091649 /* Pods.release.xcconfig */ = {isa = PBXFileReference; includeInIndex = 1; lastKnownFileType = text.xcconfig; name = Pods.release.xcconfig; path = "Pods/Target Support Files/Pods/Pods.release.xcconfig"; sourceTree = "<group>"; };
		F30BC2A31C3F5D5800B24E57 /* ActivityTheme.plist */ = {isa = PBXFileReference; fileEncoding = 4; lastKnownFileType = text.plist.xml; path = ActivityTheme.plist; sourceTree = "<group>"; };
		F30BC2A51C3F5ECD00B24E57 /* ActivityThemeView.h */ = {isa = PBXFileReference; fileEncoding = 4; lastKnownFileType = sourcecode.c.h; path = ActivityThemeView.h; sourceTree = "<group>"; };
		F30BC2A61C3F5ECD00B24E57 /* ActivityThemeView.m */ = {isa = PBXFileReference; fileEncoding = 4; lastKnownFileType = sourcecode.c.objc; path = ActivityThemeView.m; sourceTree = "<group>"; };
		F30C35921C451F610075C894 /* Discover.plist */ = {isa = PBXFileReference; fileEncoding = 4; lastKnownFileType = text.plist.xml; path = Discover.plist; sourceTree = "<group>"; };
		F31B49A51C3B8D49003BDB2F /* Main.plist */ = {isa = PBXFileReference; fileEncoding = 4; lastKnownFileType = text.plist; name = Main.plist; path = ../../../Resources/Main.plist; sourceTree = "<group>"; };
		F31B49A71C3BA07D003BDB2F /* MainModel.h */ = {isa = PBXFileReference; fileEncoding = 4; lastKnownFileType = sourcecode.c.h; path = MainModel.h; sourceTree = "<group>"; };
		F31B49A81C3BA07D003BDB2F /* MainModel.m */ = {isa = PBXFileReference; fileEncoding = 4; lastKnownFileType = sourcecode.c.objc; path = MainModel.m; sourceTree = "<group>"; };
		F360C5091C43913100CBB1DC /* VOContentLayer.h */ = {isa = PBXFileReference; fileEncoding = 4; lastKnownFileType = sourcecode.c.h; path = VOContentLayer.h; sourceTree = "<group>"; };
		F360C50A1C43913100CBB1DC /* VOContentLayer.m */ = {isa = PBXFileReference; fileEncoding = 4; lastKnownFileType = sourcecode.c.objc; path = VOContentLayer.m; sourceTree = "<group>"; };
		F360C50B1C43913100CBB1DC /* VOIndicatorAnimation.h */ = {isa = PBXFileReference; fileEncoding = 4; lastKnownFileType = sourcecode.c.h; path = VOIndicatorAnimation.h; sourceTree = "<group>"; };
		F360C50C1C43913100CBB1DC /* VOIndicatorAnimation.m */ = {isa = PBXFileReference; fileEncoding = 4; lastKnownFileType = sourcecode.c.objc; path = VOIndicatorAnimation.m; sourceTree = "<group>"; };
		F360C50D1C43913100CBB1DC /* VOSegment.h */ = {isa = PBXFileReference; fileEncoding = 4; lastKnownFileType = sourcecode.c.h; path = VOSegment.h; sourceTree = "<group>"; };
		F360C50E1C43913100CBB1DC /* VOSegment.m */ = {isa = PBXFileReference; fileEncoding = 4; lastKnownFileType = sourcecode.c.objc; path = VOSegment.m; sourceTree = "<group>"; };
		F360C50F1C43913100CBB1DC /* VOSegmentedControl.h */ = {isa = PBXFileReference; fileEncoding = 4; lastKnownFileType = sourcecode.c.h; path = VOSegmentedControl.h; sourceTree = "<group>"; };
		F360C5101C43913100CBB1DC /* VOSegmentedControl.m */ = {isa = PBXFileReference; fileEncoding = 4; lastKnownFileType = sourcecode.c.objc; path = VOSegmentedControl.m; sourceTree = "<group>"; };
		F36FAEB01C3A767C00390961 /* MainTableViewCell.h */ = {isa = PBXFileReference; fileEncoding = 4; lastKnownFileType = sourcecode.c.h; path = MainTableViewCell.h; sourceTree = "<group>"; };
		F36FAEB11C3A767C00390961 /* MainTableViewCell.m */ = {isa = PBXFileReference; fileEncoding = 4; lastKnownFileType = sourcecode.c.objc; path = MainTableViewCell.m; sourceTree = "<group>"; };
		F36FAEB21C3A767C00390961 /* MainTableViewCell.xib */ = {isa = PBXFileReference; fileEncoding = 4; lastKnownFileType = file.xib; path = MainTableViewCell.xib; sourceTree = "<group>"; };
		F39D49DA1C3E4C42002B12B5 /* HWTools.h */ = {isa = PBXFileReference; fileEncoding = 4; lastKnownFileType = sourcecode.c.h; path = HWTools.h; sourceTree = "<group>"; };
		F39D49DB1C3E4C42002B12B5 /* HWTools.m */ = {isa = PBXFileReference; fileEncoding = 4; lastKnownFileType = sourcecode.c.objc; path = HWTools.m; sourceTree = "<group>"; };
		F39D49DD1C3E5B17002B12B5 /* UIView+Extesion.h */ = {isa = PBXFileReference; fileEncoding = 4; lastKnownFileType = sourcecode.c.h; path = "UIView+Extesion.h"; sourceTree = "<group>"; };
		F39D49DE1C3E5B17002B12B5 /* UIView+Extesion.m */ = {isa = PBXFileReference; fileEncoding = 4; lastKnownFileType = sourcecode.c.objc; path = "UIView+Extesion.m"; sourceTree = "<group>"; };
		F39F3BAB1C423423008BA3B9 /* HotThemeTableViewCell.h */ = {isa = PBXFileReference; fileEncoding = 4; lastKnownFileType = sourcecode.c.h; path = HotThemeTableViewCell.h; sourceTree = "<group>"; };
		F39F3BAC1C423423008BA3B9 /* HotThemeTableViewCell.m */ = {isa = PBXFileReference; fileEncoding = 4; lastKnownFileType = sourcecode.c.objc; path = HotThemeTableViewCell.m; sourceTree = "<group>"; };
		F39F3BAD1C423423008BA3B9 /* HotThemeTableViewCell.xib */ = {isa = PBXFileReference; fileEncoding = 4; lastKnownFileType = file.xib; path = HotThemeTableViewCell.xib; sourceTree = "<group>"; };
		F39F3BB01C4235BA008BA3B9 /* HotThemeModel.h */ = {isa = PBXFileReference; fileEncoding = 4; lastKnownFileType = sourcecode.c.h; path = HotThemeModel.h; sourceTree = "<group>"; };
		F39F3BB11C4235BA008BA3B9 /* HotThemeModel.m */ = {isa = PBXFileReference; fileEncoding = 4; lastKnownFileType = sourcecode.c.objc; path = HotThemeModel.m; sourceTree = "<group>"; };
		F39F3BB31C42522E008BA3B9 /* HotTheme.plist */ = {isa = PBXFileReference; fileEncoding = 4; lastKnownFileType = text.plist.xml; path = HotTheme.plist; sourceTree = "<group>"; };
		F39F80201C3CAECF003B9212 /* Main.pch */ = {isa = PBXFileReference; fileEncoding = 4; lastKnownFileType = sourcecode.c.h; path = Main.pch; sourceTree = "<group>"; };
		F39F80221C3CB36D003B9212 /* HWDefine.h */ = {isa = PBXFileReference; lastKnownFileType = sourcecode.c.h; path = HWDefine.h; sourceTree = "<group>"; };
		F39F80251C3CBC27003B9212 /* SelectCityViewController.h */ = {isa = PBXFileReference; fileEncoding = 4; lastKnownFileType = sourcecode.c.h; name = SelectCityViewController.h; path = ../Views/SelectCityViewController.h; sourceTree = "<group>"; };
		F39F80261C3CBC27003B9212 /* SelectCityViewController.m */ = {isa = PBXFileReference; fileEncoding = 4; lastKnownFileType = sourcecode.c.objc; name = SelectCityViewController.m; path = ../Views/SelectCityViewController.m; sourceTree = "<group>"; };
		F39F80281C3CBD9D003B9212 /* SearchViewController.h */ = {isa = PBXFileReference; fileEncoding = 4; lastKnownFileType = sourcecode.c.h; path = SearchViewController.h; sourceTree = "<group>"; };
		F39F80291C3CBD9D003B9212 /* SearchViewController.m */ = {isa = PBXFileReference; fileEncoding = 4; lastKnownFileType = sourcecode.c.objc; path = SearchViewController.m; sourceTree = "<group>"; };
		F39F802B1C3CBE6F003B9212 /* ActivityDetailViewController.h */ = {isa = PBXFileReference; fileEncoding = 4; lastKnownFileType = sourcecode.c.h; path = ActivityDetailViewController.h; sourceTree = "<group>"; };
		F39F802C1C3CBE6F003B9212 /* ActivityDetailViewController.m */ = {isa = PBXFileReference; fileEncoding = 4; lastKnownFileType = sourcecode.c.objc; path = ActivityDetailViewController.m; sourceTree = "<group>"; };
		F39F802E1C3CBF43003B9212 /* ThemeViewController.h */ = {isa = PBXFileReference; fileEncoding = 4; lastKnownFileType = sourcecode.c.h; path = ThemeViewController.h; sourceTree = "<group>"; };
		F39F802F1C3CBF43003B9212 /* ThemeViewController.m */ = {isa = PBXFileReference; fileEncoding = 4; lastKnownFileType = sourcecode.c.objc; path = ThemeViewController.m; sourceTree = "<group>"; };
		F39F80311C3CBFFF003B9212 /* ClassfyViewController.h */ = {isa = PBXFileReference; fileEncoding = 4; lastKnownFileType = sourcecode.c.h; path = ClassfyViewController.h; sourceTree = "<group>"; };
		F39F80321C3CBFFF003B9212 /* ClassfyViewController.m */ = {isa = PBXFileReference; fileEncoding = 4; lastKnownFileType = sourcecode.c.objc; path = ClassfyViewController.m; sourceTree = "<group>"; };
		F39F80341C3CC06B003B9212 /* GoodActivityViewController.h */ = {isa = PBXFileReference; fileEncoding = 4; lastKnownFileType = sourcecode.c.h; path = GoodActivityViewController.h; sourceTree = "<group>"; };
		F39F80351C3CC06B003B9212 /* GoodActivityViewController.m */ = {isa = PBXFileReference; fileEncoding = 4; lastKnownFileType = sourcecode.c.objc; path = GoodActivityViewController.m; sourceTree = "<group>"; };
		F39F80371C3CC07D003B9212 /* HotActivityViewController.h */ = {isa = PBXFileReference; fileEncoding = 4; lastKnownFileType = sourcecode.c.h; path = HotActivityViewController.h; sourceTree = "<group>"; };
		F39F80381C3CC07D003B9212 /* HotActivityViewController.m */ = {isa = PBXFileReference; fileEncoding = 4; lastKnownFileType = sourcecode.c.objc; path = HotActivityViewController.m; sourceTree = "<group>"; };
		F39F80401C3D1B13003B9212 /* ActivityDetail.plist */ = {isa = PBXFileReference; fileEncoding = 4; lastKnownFileType = text.plist; name = ActivityDetail.plist; path = ../../../Resources/ActivityDetail.plist; sourceTree = "<group>"; };
		F39F80421C3D2085003B9212 /* UIViewController+Common.h */ = {isa = PBXFileReference; fileEncoding = 4; lastKnownFileType = sourcecode.c.h; name = "UIViewController+Common.h"; path = "../../Classes/Main/Controller/UIViewController+Common.h"; sourceTree = "<group>"; };
		F39F80431C3D2085003B9212 /* UIViewController+Common.m */ = {isa = PBXFileReference; fileEncoding = 4; lastKnownFileType = sourcecode.c.objc; name = "UIViewController+Common.m"; path = "../../Classes/Main/Controller/UIViewController+Common.m"; sourceTree = "<group>"; };
		F3A154311C462C1600C03829 /* MessageUI.framework */ = {isa = PBXFileReference; lastKnownFileType = wrapper.framework; name = MessageUI.framework; path = System/Library/Frameworks/MessageUI.framework; sourceTree = SDKROOT; };
		F3A154421C46500700C03829 /* QuartzCore.framework */ = {isa = PBXFileReference; lastKnownFileType = wrapper.framework; name = QuartzCore.framework; path = System/Library/Frameworks/QuartzCore.framework; sourceTree = SDKROOT; };
		F3A154441C46501400C03829 /* ImageIO.framework */ = {isa = PBXFileReference; lastKnownFileType = wrapper.framework; name = ImageIO.framework; path = System/Library/Frameworks/ImageIO.framework; sourceTree = SDKROOT; };
		F3A154461C46503000C03829 /* SystemConfiguration.framework */ = {isa = PBXFileReference; lastKnownFileType = wrapper.framework; name = SystemConfiguration.framework; path = System/Library/Frameworks/SystemConfiguration.framework; sourceTree = SDKROOT; };
		F3A154481C46503B00C03829 /* Security.framework */ = {isa = PBXFileReference; lastKnownFileType = wrapper.framework; name = Security.framework; path = System/Library/Frameworks/Security.framework; sourceTree = SDKROOT; };
		F3A1544A1C46504A00C03829 /* CoreTelephony.framework */ = {isa = PBXFileReference; lastKnownFileType = wrapper.framework; name = CoreTelephony.framework; path = System/Library/Frameworks/CoreTelephony.framework; sourceTree = SDKROOT; };
		F3A1544C1C46505400C03829 /* CoreText.framework */ = {isa = PBXFileReference; lastKnownFileType = wrapper.framework; name = CoreText.framework; path = System/Library/Frameworks/CoreText.framework; sourceTree = SDKROOT; };
		F3A1544E1C46505E00C03829 /* UIKit.framework */ = {isa = PBXFileReference; lastKnownFileType = wrapper.framework; name = UIKit.framework; path = System/Library/Frameworks/UIKit.framework; sourceTree = SDKROOT; };
		F3A154501C46506D00C03829 /* Foundation.framework */ = {isa = PBXFileReference; lastKnownFileType = wrapper.framework; name = Foundation.framework; path = System/Library/Frameworks/Foundation.framework; sourceTree = SDKROOT; };
		F3A154521C46507B00C03829 /* CoreGraphics.framework */ = {isa = PBXFileReference; lastKnownFileType = wrapper.framework; name = CoreGraphics.framework; path = System/Library/Frameworks/CoreGraphics.framework; sourceTree = SDKROOT; };
		F3A154541C46510800C03829 /* libz.tbd */ = {isa = PBXFileReference; lastKnownFileType = "sourcecode.text-based-dylib-definition"; name = libz.tbd; path = usr/lib/libz.tbd; sourceTree = SDKROOT; };
		F3A154561C46511900C03829 /* libsqlite3.tbd */ = {isa = PBXFileReference; lastKnownFileType = "sourcecode.text-based-dylib-definition"; name = libsqlite3.tbd; path = usr/lib/libsqlite3.tbd; sourceTree = SDKROOT; };
		F3A8EE4F1C3E10E800137082 /* ActivityView.h */ = {isa = PBXFileReference; fileEncoding = 4; lastKnownFileType = sourcecode.c.h; path = ActivityView.h; sourceTree = "<group>"; };
		F3A8EE501C3E10E800137082 /* ActivityView.m */ = {isa = PBXFileReference; fileEncoding = 4; lastKnownFileType = sourcecode.c.objc; path = ActivityView.m; sourceTree = "<group>"; };
		F3B5747B1C83D06800037955 /* Login.storyboard */ = {isa = PBXFileReference; fileEncoding = 4; lastKnownFileType = file.storyboard; path = Login.storyboard; sourceTree = "<group>"; };
		F3B5747D1C83D09100037955 /* LoginViewController.h */ = {isa = PBXFileReference; fileEncoding = 4; lastKnownFileType = sourcecode.c.h; path = LoginViewController.h; sourceTree = "<group>"; };
		F3B5747E1C83D09100037955 /* LoginViewController.m */ = {isa = PBXFileReference; fileEncoding = 4; lastKnownFileType = sourcecode.c.objc; path = LoginViewController.m; sourceTree = "<group>"; };
		F3B574851C8422E800037955 /* CoreLocation.framework */ = {isa = PBXFileReference; lastKnownFileType = wrapper.framework; name = CoreLocation.framework; path = System/Library/Frameworks/CoreLocation.framework; sourceTree = SDKROOT; };
		F3C1865B1C410B010045E19F /* GoodActivityTableViewCell.h */ = {isa = PBXFileReference; fileEncoding = 4; lastKnownFileType = sourcecode.c.h; path = GoodActivityTableViewCell.h; sourceTree = "<group>"; };
		F3C1865C1C410B010045E19F /* GoodActivityTableViewCell.m */ = {isa = PBXFileReference; fileEncoding = 4; lastKnownFileType = sourcecode.c.objc; path = GoodActivityTableViewCell.m; sourceTree = "<group>"; };
		F3C1865D1C410B010045E19F /* GoodActivityTableViewCell.xib */ = {isa = PBXFileReference; fileEncoding = 4; lastKnownFileType = file.xib; path = GoodActivityTableViewCell.xib; sourceTree = "<group>"; };
		F3C7FC231C47237F00AA8C37 /* libWeiboSDK.a */ = {isa = PBXFileReference; lastKnownFileType = archive.ar; path = libWeiboSDK.a; sourceTree = "<group>"; };
		F3C7FC241C47237F00AA8C37 /* WBHttpRequest+WeiboGame.h */ = {isa = PBXFileReference; fileEncoding = 4; lastKnownFileType = sourcecode.c.h; path = "WBHttpRequest+WeiboGame.h"; sourceTree = "<group>"; };
		F3C7FC251C47237F00AA8C37 /* WBHttpRequest+WeiboShare.h */ = {isa = PBXFileReference; fileEncoding = 4; lastKnownFileType = sourcecode.c.h; path = "WBHttpRequest+WeiboShare.h"; sourceTree = "<group>"; };
		F3C7FC261C47237F00AA8C37 /* WBHttpRequest+WeiboToken.h */ = {isa = PBXFileReference; fileEncoding = 4; lastKnownFileType = sourcecode.c.h; path = "WBHttpRequest+WeiboToken.h"; sourceTree = "<group>"; };
		F3C7FC271C47237F00AA8C37 /* WBHttpRequest+WeiboUser.h */ = {isa = PBXFileReference; fileEncoding = 4; lastKnownFileType = sourcecode.c.h; path = "WBHttpRequest+WeiboUser.h"; sourceTree = "<group>"; };
		F3C7FC281C47237F00AA8C37 /* WBHttpRequest.h */ = {isa = PBXFileReference; fileEncoding = 4; lastKnownFileType = sourcecode.c.h; path = WBHttpRequest.h; sourceTree = "<group>"; };
		F3C7FC291C47237F00AA8C37 /* WBSDKBasicButton.h */ = {isa = PBXFileReference; fileEncoding = 4; lastKnownFileType = sourcecode.c.h; path = WBSDKBasicButton.h; sourceTree = "<group>"; };
		F3C7FC2A1C47237F00AA8C37 /* WBSDKCommentButton.h */ = {isa = PBXFileReference; fileEncoding = 4; lastKnownFileType = sourcecode.c.h; path = WBSDKCommentButton.h; sourceTree = "<group>"; };
		F3C7FC2B1C47237F00AA8C37 /* WBSDKRelationshipButton.h */ = {isa = PBXFileReference; fileEncoding = 4; lastKnownFileType = sourcecode.c.h; path = WBSDKRelationshipButton.h; sourceTree = "<group>"; };
		F3C7FC2C1C47237F00AA8C37 /* WeiboSDK.bundle */ = {isa = PBXFileReference; lastKnownFileType = "wrapper.plug-in"; path = WeiboSDK.bundle; sourceTree = "<group>"; };
		F3C7FC2D1C47237F00AA8C37 /* WeiboSDK.h */ = {isa = PBXFileReference; fileEncoding = 4; lastKnownFileType = sourcecode.c.h; path = WeiboSDK.h; sourceTree = "<group>"; };
		F3C7FC2E1C47237F00AA8C37 /* WeiboUser.h */ = {isa = PBXFileReference; fileEncoding = 4; lastKnownFileType = sourcecode.c.h; path = WeiboUser.h; sourceTree = "<group>"; };
		F3C7FC321C47238B00AA8C37 /* libWeChatSDK.a */ = {isa = PBXFileReference; lastKnownFileType = archive.ar; path = libWeChatSDK.a; sourceTree = "<group>"; };
		F3C7FC331C47238B00AA8C37 /* WXApi.h */ = {isa = PBXFileReference; fileEncoding = 4; lastKnownFileType = sourcecode.c.h; path = WXApi.h; sourceTree = "<group>"; };
		F3C7FC341C47238B00AA8C37 /* WXApiObject.h */ = {isa = PBXFileReference; fileEncoding = 4; lastKnownFileType = sourcecode.c.h; path = WXApiObject.h; sourceTree = "<group>"; };
		F3C7FC361C47288F00AA8C37 /* libc++.tbd */ = {isa = PBXFileReference; lastKnownFileType = "sourcecode.text-based-dylib-definition"; name = "libc++.tbd"; path = "usr/lib/libc++.tbd"; sourceTree = SDKROOT; };
		F3C7FC381C47386200AA8C37 /* ShareView.h */ = {isa = PBXFileReference; fileEncoding = 4; lastKnownFileType = sourcecode.c.h; path = ShareView.h; sourceTree = "<group>"; };
		F3C7FC391C47386200AA8C37 /* ShareView.m */ = {isa = PBXFileReference; fileEncoding = 4; lastKnownFileType = sourcecode.c.objc; path = ShareView.m; sourceTree = "<group>"; };
		F3C7FC3B1C474DE800AA8C37 /* ShareViewController.h */ = {isa = PBXFileReference; fileEncoding = 4; lastKnownFileType = sourcecode.c.h; path = ShareViewController.h; sourceTree = "<group>"; };
		F3C7FC3C1C474DE800AA8C37 /* ShareViewController.m */ = {isa = PBXFileReference; fileEncoding = 4; lastKnownFileType = sourcecode.c.objc; path = ShareViewController.m; sourceTree = "<group>"; };
		F3CDFDDA1C3A1C3200ECDA7C /* 最美周末.app */ = {isa = PBXFileReference; explicitFileType = wrapper.application; includeInIndex = 0; path = "最美周末.app"; sourceTree = BUILT_PRODUCTS_DIR; };
		F3CDFDDE1C3A1C3200ECDA7C /* main.m */ = {isa = PBXFileReference; lastKnownFileType = sourcecode.c.objc; path = main.m; sourceTree = "<group>"; };
		F3CDFDE01C3A1C3200ECDA7C /* AppDelegate.h */ = {isa = PBXFileReference; lastKnownFileType = sourcecode.c.h; path = AppDelegate.h; sourceTree = "<group>"; };
		F3CDFDE11C3A1C3200ECDA7C /* AppDelegate.m */ = {isa = PBXFileReference; lastKnownFileType = sourcecode.c.objc; path = AppDelegate.m; sourceTree = "<group>"; };
		F3CDFDE31C3A1C3200ECDA7C /* Assets.xcassets */ = {isa = PBXFileReference; lastKnownFileType = folder.assetcatalog; path = Assets.xcassets; sourceTree = "<group>"; };
		F3CDFDE61C3A1C3200ECDA7C /* Base */ = {isa = PBXFileReference; lastKnownFileType = file.storyboard; name = Base; path = Base.lproj/LaunchScreen.storyboard; sourceTree = "<group>"; };
		F3CDFDE81C3A1C3200ECDA7C /* Info.plist */ = {isa = PBXFileReference; lastKnownFileType = text.plist.xml; path = Info.plist; sourceTree = "<group>"; };
		F3CDFE2A1C3A4DC600ECDA7C /* DiscoverViewController.h */ = {isa = PBXFileReference; fileEncoding = 4; lastKnownFileType = sourcecode.c.h; path = DiscoverViewController.h; sourceTree = "<group>"; };
		F3CDFE2B1C3A4DC600ECDA7C /* DiscoverViewController.m */ = {isa = PBXFileReference; fileEncoding = 4; lastKnownFileType = sourcecode.c.objc; path = DiscoverViewController.m; sourceTree = "<group>"; };
		F3CDFE301C3A4DC600ECDA7C /* MainViewController.h */ = {isa = PBXFileReference; fileEncoding = 4; lastKnownFileType = sourcecode.c.h; path = MainViewController.h; sourceTree = "<group>"; };
		F3CDFE311C3A4DC600ECDA7C /* MainViewController.m */ = {isa = PBXFileReference; fileEncoding = 4; lastKnownFileType = sourcecode.c.objc; path = MainViewController.m; sourceTree = "<group>"; };
		F3CDFE361C3A4DC600ECDA7C /* MineViewController.h */ = {isa = PBXFileReference; fileEncoding = 4; lastKnownFileType = sourcecode.c.h; path = MineViewController.h; sourceTree = "<group>"; };
		F3CDFE371C3A4DC600ECDA7C /* MineViewController.m */ = {isa = PBXFileReference; fileEncoding = 4; lastKnownFileType = sourcecode.c.objc; path = MineViewController.m; sourceTree = "<group>"; };
		F3CDFE3F1C3A506B00ECDA7C /* Main.storyboard */ = {isa = PBXFileReference; fileEncoding = 4; lastKnownFileType = file.storyboard; path = Main.storyboard; sourceTree = "<group>"; };
		F3CDFE411C3A508200ECDA7C /* Discover.storyboard */ = {isa = PBXFileReference; fileEncoding = 4; lastKnownFileType = file.storyboard; path = Discover.storyboard; sourceTree = "<group>"; };
		F3CDFE431C3A509300ECDA7C /* Mine.storyboard */ = {isa = PBXFileReference; fileEncoding = 4; lastKnownFileType = file.storyboard; path = Mine.storyboard; sourceTree = "<group>"; };
		F3E7982A1C449EFB0073AF14 /* ProgressHUD.bundle */ = {isa = PBXFileReference; lastKnownFileType = "wrapper.plug-in"; path = ProgressHUD.bundle; sourceTree = "<group>"; };
		F3E7982B1C449EFB0073AF14 /* ProgressHUD.h */ = {isa = PBXFileReference; fileEncoding = 4; lastKnownFileType = sourcecode.c.h; path = ProgressHUD.h; sourceTree = "<group>"; };
		F3E7982C1C449EFB0073AF14 /* ProgressHUD.m */ = {isa = PBXFileReference; fileEncoding = 4; lastKnownFileType = sourcecode.c.objc; path = ProgressHUD.m; sourceTree = "<group>"; };
		F3E7982F1C44FAD50073AF14 /* DiscoverTableViewCell.h */ = {isa = PBXFileReference; fileEncoding = 4; lastKnownFileType = sourcecode.c.h; path = DiscoverTableViewCell.h; sourceTree = "<group>"; };
		F3E798301C44FAD50073AF14 /* DiscoverTableViewCell.m */ = {isa = PBXFileReference; fileEncoding = 4; lastKnownFileType = sourcecode.c.objc; path = DiscoverTableViewCell.m; sourceTree = "<group>"; };
		F3E798311C44FAD50073AF14 /* DiscoverTableViewCell.xib */ = {isa = PBXFileReference; fileEncoding = 4; lastKnownFileType = file.xib; path = DiscoverTableViewCell.xib; sourceTree = "<group>"; };
		F3E798671C4512750073AF14 /* DiscoverModel.h */ = {isa = PBXFileReference; fileEncoding = 4; lastKnownFileType = sourcecode.c.h; path = DiscoverModel.h; sourceTree = "<group>"; };
		F3E798681C4512750073AF14 /* DiscoverModel.m */ = {isa = PBXFileReference; fileEncoding = 4; lastKnownFileType = sourcecode.c.objc; path = DiscoverModel.m; sourceTree = "<group>"; };
		F3F35DF41C47CD5200A54519 /* Best周末.jpg */ = {isa = PBXFileReference; lastKnownFileType = image.jpeg; path = "Best周末.jpg"; sourceTree = "<group>"; };
		F3F544151C3FA0C600B0C1E8 /* blueArrow.png */ = {isa = PBXFileReference; lastKnownFileType = image.png; path = blueArrow.png; sourceTree = "<group>"; };
		F3F544161C3FA0C600B0C1E8 /* blueArrowDown.png */ = {isa = PBXFileReference; lastKnownFileType = image.png; path = blueArrowDown.png; sourceTree = "<group>"; };
		F3F544171C3FA0C600B0C1E8 /* PullingRefreshTableView.h */ = {isa = PBXFileReference; fileEncoding = 4; lastKnownFileType = sourcecode.c.h; path = PullingRefreshTableView.h; sourceTree = "<group>"; };
		F3F544181C3FA0C600B0C1E8 /* PullingRefreshTableView.m */ = {isa = PBXFileReference; fileEncoding = 4; lastKnownFileType = sourcecode.c.objc; path = PullingRefreshTableView.m; sourceTree = "<group>"; };
		F3F7DFD51C3FBE610077546A /* GoodActivityModel.h */ = {isa = PBXFileReference; fileEncoding = 4; lastKnownFileType = sourcecode.c.h; path = GoodActivityModel.h; sourceTree = "<group>"; };
		F3F7DFD61C3FBE610077546A /* GoodActivityModel.m */ = {isa = PBXFileReference; fileEncoding = 4; lastKnownFileType = sourcecode.c.objc; path = GoodActivityModel.m; sourceTree = "<group>"; };
		F3F7DFD81C3FC2270077546A /* good.plist */ = {isa = PBXFileReference; lastKnownFileType = text.plist; path = good.plist; sourceTree = "<group>"; };
		F3FBF8651C43A86000D92381 /* typeid6.plist */ = {isa = PBXFileReference; lastKnownFileType = text.plist; path = typeid6.plist; sourceTree = "<group>"; };
		F3FBF8671C43A86600D92381 /* typeid23.plist */ = {isa = PBXFileReference; lastKnownFileType = text.plist; path = typeid23.plist; sourceTree = "<group>"; };
		F3FBF8691C43A86C00D92381 /* typeid22.plist */ = {isa = PBXFileReference; lastKnownFileType = text.plist; path = typeid22.plist; sourceTree = "<group>"; };
		F3FBF86B1C43A87200D92381 /* typeud21.plist */ = {isa = PBXFileReference; lastKnownFileType = text.plist; path = typeud21.plist; sourceTree = "<group>"; };
/* End PBXFileReference section */

/* Begin PBXFrameworksBuildPhase section */
		F3CDFDD71C3A1C3200ECDA7C /* Frameworks */ = {
			isa = PBXFrameworksBuildPhase;
			buildActionMask = 2147483647;
			files = (
				F3B574861C8422E800037955 /* CoreLocation.framework in Frameworks */,
				F3C7FC371C47288F00AA8C37 /* libc++.tbd in Frameworks */,
				F3A154551C46510800C03829 /* libz.tbd in Frameworks */,
				F3A154471C46503000C03829 /* SystemConfiguration.framework in Frameworks */,
				F3A154571C46511900C03829 /* libsqlite3.tbd in Frameworks */,
				F3A154531C46507B00C03829 /* CoreGraphics.framework in Frameworks */,
				F3C7FC2F1C47237F00AA8C37 /* libWeiboSDK.a in Frameworks */,
				F3A154511C46506D00C03829 /* Foundation.framework in Frameworks */,
				F3A1544F1C46505E00C03829 /* UIKit.framework in Frameworks */,
				F3A1544D1C46505400C03829 /* CoreText.framework in Frameworks */,
				F3A1544B1C46504A00C03829 /* CoreTelephony.framework in Frameworks */,
				F3A154491C46503B00C03829 /* Security.framework in Frameworks */,
				F3A154451C46501400C03829 /* ImageIO.framework in Frameworks */,
				F3A154431C46500700C03829 /* QuartzCore.framework in Frameworks */,
				F3A154321C462C1600C03829 /* MessageUI.framework in Frameworks */,
				F34943553F4559677BC84084 /* libPods.a in Frameworks */,
				F3C7FC351C47238B00AA8C37 /* libWeChatSDK.a in Frameworks */,
			);
			runOnlyForDeploymentPostprocessing = 0;
		};
/* End PBXFrameworksBuildPhase section */

/* Begin PBXGroup section */
		67216CD88A1858D13E912754 /* Pods */ = {
			isa = PBXGroup;
			children = (
				473CA0BCF906FDE37D28A026 /* Pods.debug.xcconfig */,
				A4BF24AFDE9D41F184091649 /* Pods.release.xcconfig */,
			);
			name = Pods;
			sourceTree = "<group>";
		};
		A2F928359BDDC598F5BFF9C4 /* Frameworks */ = {
			isa = PBXGroup;
			children = (
				F3B574851C8422E800037955 /* CoreLocation.framework */,
				F3C7FC361C47288F00AA8C37 /* libc++.tbd */,
				F3A154561C46511900C03829 /* libsqlite3.tbd */,
				F3A154541C46510800C03829 /* libz.tbd */,
				F3A154521C46507B00C03829 /* CoreGraphics.framework */,
				F3A154501C46506D00C03829 /* Foundation.framework */,
				F3A1544E1C46505E00C03829 /* UIKit.framework */,
				F3A1544C1C46505400C03829 /* CoreText.framework */,
				F3A1544A1C46504A00C03829 /* CoreTelephony.framework */,
				F3A154481C46503B00C03829 /* Security.framework */,
				F3A154461C46503000C03829 /* SystemConfiguration.framework */,
				F3A154441C46501400C03829 /* ImageIO.framework */,
				F3A154421C46500700C03829 /* QuartzCore.framework */,
				F3A154311C462C1600C03829 /* MessageUI.framework */,
				87C879D2E6B29165AAEF5204 /* libPods.a */,
			);
			name = Frameworks;
			sourceTree = "<group>";
		};
		F360C5081C43913100CBB1DC /* VOSegmentedControl */ = {
			isa = PBXGroup;
			children = (
				F360C5091C43913100CBB1DC /* VOContentLayer.h */,
				F360C50A1C43913100CBB1DC /* VOContentLayer.m */,
				F360C50B1C43913100CBB1DC /* VOIndicatorAnimation.h */,
				F360C50C1C43913100CBB1DC /* VOIndicatorAnimation.m */,
				F360C50D1C43913100CBB1DC /* VOSegment.h */,
				F360C50E1C43913100CBB1DC /* VOSegment.m */,
				F360C50F1C43913100CBB1DC /* VOSegmentedControl.h */,
				F360C5101C43913100CBB1DC /* VOSegmentedControl.m */,
			);
			path = VOSegmentedControl;
			sourceTree = "<group>";
		};
		F39F801F1C3CAECF003B9212 /* tools */ = {
			isa = PBXGroup;
			children = (
				F39F80201C3CAECF003B9212 /* Main.pch */,
				F39F80221C3CB36D003B9212 /* HWDefine.h */,
				F39F80421C3D2085003B9212 /* UIViewController+Common.h */,
				F39F80431C3D2085003B9212 /* UIViewController+Common.m */,
				F39D49DA1C3E4C42002B12B5 /* HWTools.h */,
				F39D49DB1C3E4C42002B12B5 /* HWTools.m */,
				F39D49DD1C3E5B17002B12B5 /* UIView+Extesion.h */,
				F39D49DE1C3E5B17002B12B5 /* UIView+Extesion.m */,
			);
			path = tools;
			sourceTree = "<group>";
		};
		F3C7FC221C47237F00AA8C37 /* libWeiboSDK */ = {
			isa = PBXGroup;
			children = (
				F3C7FC231C47237F00AA8C37 /* libWeiboSDK.a */,
				F3C7FC241C47237F00AA8C37 /* WBHttpRequest+WeiboGame.h */,
				F3C7FC251C47237F00AA8C37 /* WBHttpRequest+WeiboShare.h */,
				F3C7FC261C47237F00AA8C37 /* WBHttpRequest+WeiboToken.h */,
				F3C7FC271C47237F00AA8C37 /* WBHttpRequest+WeiboUser.h */,
				F3C7FC281C47237F00AA8C37 /* WBHttpRequest.h */,
				F3C7FC291C47237F00AA8C37 /* WBSDKBasicButton.h */,
				F3C7FC2A1C47237F00AA8C37 /* WBSDKCommentButton.h */,
				F3C7FC2B1C47237F00AA8C37 /* WBSDKRelationshipButton.h */,
				F3C7FC2C1C47237F00AA8C37 /* WeiboSDK.bundle */,
				F3C7FC2D1C47237F00AA8C37 /* WeiboSDK.h */,
				F3C7FC2E1C47237F00AA8C37 /* WeiboUser.h */,
			);
			path = libWeiboSDK;
			sourceTree = "<group>";
		};
		F3C7FC311C47238B00AA8C37 /* SDKExport */ = {
			isa = PBXGroup;
			children = (
				F3C7FC321C47238B00AA8C37 /* libWeChatSDK.a */,
				F3C7FC331C47238B00AA8C37 /* WXApi.h */,
				F3C7FC341C47238B00AA8C37 /* WXApiObject.h */,
			);
			name = SDKExport;
			path = libWeiboSDK/SDKExport;
			sourceTree = "<group>";
		};
		F3CDFDD11C3A1C3100ECDA7C = {
			isa = PBXGroup;
			children = (
				F3CDFDDC1C3A1C3200ECDA7C /* 最美周末 */,
				F3CDFDDB1C3A1C3200ECDA7C /* Products */,
				67216CD88A1858D13E912754 /* Pods */,
				A2F928359BDDC598F5BFF9C4 /* Frameworks */,
			);
			sourceTree = "<group>";
		};
		F3CDFDDB1C3A1C3200ECDA7C /* Products */ = {
			isa = PBXGroup;
			children = (
				F3CDFDDA1C3A1C3200ECDA7C /* 最美周末.app */,
			);
			name = Products;
			sourceTree = "<group>";
		};
		F3CDFDDC1C3A1C3200ECDA7C /* 最美周末 */ = {
			isa = PBXGroup;
			children = (
				F3CDFE271C3A4DC500ECDA7C /* Classes */,
				F3CDFE3D1C3A4E7B00ECDA7C /* Library */,
				F3CDFE3E1C3A4FE300ECDA7C /* Resources */,
				F3CDFDE01C3A1C3200ECDA7C /* AppDelegate.h */,
				F3CDFDE11C3A1C3200ECDA7C /* AppDelegate.m */,
				F3CDFDE31C3A1C3200ECDA7C /* Assets.xcassets */,
				F3CDFDE51C3A1C3200ECDA7C /* LaunchScreen.storyboard */,
				F3CDFDE81C3A1C3200ECDA7C /* Info.plist */,
				F3CDFDDD1C3A1C3200ECDA7C /* Supporting Files */,
			);
			path = "最美周末";
			sourceTree = "<group>";
		};
		F3CDFDDD1C3A1C3200ECDA7C /* Supporting Files */ = {
			isa = PBXGroup;
			children = (
				F3CDFDDE1C3A1C3200ECDA7C /* main.m */,
			);
			name = "Supporting Files";
			sourceTree = "<group>";
		};
		F3CDFE271C3A4DC500ECDA7C /* Classes */ = {
			isa = PBXGroup;
			children = (
				F3CDFE2E1C3A4DC600ECDA7C /* Main */,
				F3CDFE281C3A4DC600ECDA7C /* Discover */,
				F3CDFE341C3A4DC600ECDA7C /* Mine */,
			);
			path = Classes;
			sourceTree = "<group>";
		};
		F3CDFE281C3A4DC600ECDA7C /* Discover */ = {
			isa = PBXGroup;
			children = (
				F3CDFE2C1C3A4DC600ECDA7C /* Models */,
				F3CDFE2D1C3A4DC600ECDA7C /* Views */,
				F3CDFE291C3A4DC600ECDA7C /* Controller */,
			);
			path = Discover;
			sourceTree = "<group>";
		};
		F3CDFE291C3A4DC600ECDA7C /* Controller */ = {
			isa = PBXGroup;
			children = (
				F3CDFE2A1C3A4DC600ECDA7C /* DiscoverViewController.h */,
				F3CDFE2B1C3A4DC600ECDA7C /* DiscoverViewController.m */,
			);
			path = Controller;
			sourceTree = "<group>";
		};
		F3CDFE2C1C3A4DC600ECDA7C /* Models */ = {
			isa = PBXGroup;
			children = (
				F3E798671C4512750073AF14 /* DiscoverModel.h */,
				F3E798681C4512750073AF14 /* DiscoverModel.m */,
				F30C35921C451F610075C894 /* Discover.plist */,
			);
			path = Models;
			sourceTree = "<group>";
		};
		F3CDFE2D1C3A4DC600ECDA7C /* Views */ = {
			isa = PBXGroup;
			children = (
				F3CDFE411C3A508200ECDA7C /* Discover.storyboard */,
				F3E7982F1C44FAD50073AF14 /* DiscoverTableViewCell.h */,
				F3E798301C44FAD50073AF14 /* DiscoverTableViewCell.m */,
				F3E798311C44FAD50073AF14 /* DiscoverTableViewCell.xib */,
			);
			path = Views;
			sourceTree = "<group>";
		};
		F3CDFE2E1C3A4DC600ECDA7C /* Main */ = {
			isa = PBXGroup;
			children = (
				F3CDFE321C3A4DC600ECDA7C /* Models */,
				F3CDFE331C3A4DC600ECDA7C /* Views */,
				F3CDFE2F1C3A4DC600ECDA7C /* Controller */,
			);
			path = Main;
			sourceTree = "<group>";
		};
		F3CDFE2F1C3A4DC600ECDA7C /* Controller */ = {
			isa = PBXGroup;
			children = (
				F3CDFE301C3A4DC600ECDA7C /* MainViewController.h */,
				F3CDFE311C3A4DC600ECDA7C /* MainViewController.m */,
				F39F80251C3CBC27003B9212 /* SelectCityViewController.h */,
				F39F80261C3CBC27003B9212 /* SelectCityViewController.m */,
				F39F80281C3CBD9D003B9212 /* SearchViewController.h */,
				F39F80291C3CBD9D003B9212 /* SearchViewController.m */,
				F39F802B1C3CBE6F003B9212 /* ActivityDetailViewController.h */,
				F39F802C1C3CBE6F003B9212 /* ActivityDetailViewController.m */,
				F39F802E1C3CBF43003B9212 /* ThemeViewController.h */,
				F39F802F1C3CBF43003B9212 /* ThemeViewController.m */,
				F39F80311C3CBFFF003B9212 /* ClassfyViewController.h */,
				F39F80321C3CBFFF003B9212 /* ClassfyViewController.m */,
				F39F80341C3CC06B003B9212 /* GoodActivityViewController.h */,
				F39F80351C3CC06B003B9212 /* GoodActivityViewController.m */,
				F39F80371C3CC07D003B9212 /* HotActivityViewController.h */,
				F39F80381C3CC07D003B9212 /* HotActivityViewController.m */,
			);
			path = Controller;
			sourceTree = "<group>";
		};
		F3CDFE321C3A4DC600ECDA7C /* Models */ = {
			isa = PBXGroup;
			children = (
				F31B49A51C3B8D49003BDB2F /* Main.plist */,
				F39F80401C3D1B13003B9212 /* ActivityDetail.plist */,
				F30BC2A31C3F5D5800B24E57 /* ActivityTheme.plist */,
				F3F7DFD81C3FC2270077546A /* good.plist */,
				F39F3BB31C42522E008BA3B9 /* HotTheme.plist */,
				F3FBF8651C43A86000D92381 /* typeid6.plist */,
				F3FBF8671C43A86600D92381 /* typeid23.plist */,
				F3FBF8691C43A86C00D92381 /* typeid22.plist */,
				F3FBF86B1C43A87200D92381 /* typeud21.plist */,
				F3F7DFD51C3FBE610077546A /* GoodActivityModel.h */,
				F3F7DFD61C3FBE610077546A /* GoodActivityModel.m */,
				F39F3BB01C4235BA008BA3B9 /* HotThemeModel.h */,
				F39F3BB11C4235BA008BA3B9 /* HotThemeModel.m */,
				F31B49A71C3BA07D003BDB2F /* MainModel.h */,
				F31B49A81C3BA07D003BDB2F /* MainModel.m */,
			);
			path = Models;
			sourceTree = "<group>";
		};
		F3CDFE331C3A4DC600ECDA7C /* Views */ = {
			isa = PBXGroup;
			children = (
				F3CDFE3F1C3A506B00ECDA7C /* Main.storyboard */,
				F3A8EE4F1C3E10E800137082 /* ActivityView.h */,
				F3A8EE501C3E10E800137082 /* ActivityView.m */,
				F30BC2A51C3F5ECD00B24E57 /* ActivityThemeView.h */,
				F30BC2A61C3F5ECD00B24E57 /* ActivityThemeView.m */,
				F3C1865B1C410B010045E19F /* GoodActivityTableViewCell.h */,
				F3C1865C1C410B010045E19F /* GoodActivityTableViewCell.m */,
				F3C1865D1C410B010045E19F /* GoodActivityTableViewCell.xib */,
				F39F3BAB1C423423008BA3B9 /* HotThemeTableViewCell.h */,
				F39F3BAC1C423423008BA3B9 /* HotThemeTableViewCell.m */,
				F39F3BAD1C423423008BA3B9 /* HotThemeTableViewCell.xib */,
				F36FAEB01C3A767C00390961 /* MainTableViewCell.h */,
				F36FAEB11C3A767C00390961 /* MainTableViewCell.m */,
				F36FAEB21C3A767C00390961 /* MainTableViewCell.xib */,
			);
			path = Views;
			sourceTree = "<group>";
		};
		F3CDFE341C3A4DC600ECDA7C /* Mine */ = {
			isa = PBXGroup;
			children = (
				F3CDFE351C3A4DC600ECDA7C /* Controller */,
				F3CDFE381C3A4DC600ECDA7C /* Models */,
				F3CDFE391C3A4DC600ECDA7C /* Views */,
			);
			path = Mine;
			sourceTree = "<group>";
		};
		F3CDFE351C3A4DC600ECDA7C /* Controller */ = {
			isa = PBXGroup;
			children = (
				F3CDFE361C3A4DC600ECDA7C /* MineViewController.h */,
				F3CDFE371C3A4DC600ECDA7C /* MineViewController.m */,
				F3C7FC3B1C474DE800AA8C37 /* ShareViewController.h */,
				F3C7FC3C1C474DE800AA8C37 /* ShareViewController.m */,
				F3B5747D1C83D09100037955 /* LoginViewController.h */,
				F3B5747E1C83D09100037955 /* LoginViewController.m */,
			);
			path = Controller;
			sourceTree = "<group>";
		};
		F3CDFE381C3A4DC600ECDA7C /* Models */ = {
			isa = PBXGroup;
			children = (
			);
			path = Models;
			sourceTree = "<group>";
		};
		F3CDFE391C3A4DC600ECDA7C /* Views */ = {
			isa = PBXGroup;
			children = (
				F3CDFE431C3A509300ECDA7C /* Mine.storyboard */,
				F3B5747B1C83D06800037955 /* Login.storyboard */,
				F3C7FC381C47386200AA8C37 /* ShareView.h */,
				F3C7FC391C47386200AA8C37 /* ShareView.m */,
			);
			path = Views;
			sourceTree = "<group>";
		};
		F3CDFE3D1C3A4E7B00ECDA7C /* Library */ = {
			isa = PBXGroup;
			children = (
				F3C7FC311C47238B00AA8C37 /* SDKExport */,
				F3C7FC221C47237F00AA8C37 /* libWeiboSDK */,
				F3E798291C449EFB0073AF14 /* ProgressHUD */,
				F360C5081C43913100CBB1DC /* VOSegmentedControl */,
				F3F544141C3FA0C600B0C1E8 /* PullingRefreshTableView */,
				F39F801F1C3CAECF003B9212 /* tools */,
			);
			path = Library;
			sourceTree = "<group>";
		};
		F3CDFE3E1C3A4FE300ECDA7C /* Resources */ = {
			isa = PBXGroup;
			children = (
				F3F35DF41C47CD5200A54519 /* Best周末.jpg */,
			);
			path = Resources;
			sourceTree = "<group>";
		};
		F3E798291C449EFB0073AF14 /* ProgressHUD */ = {
			isa = PBXGroup;
			children = (
				F3E7982A1C449EFB0073AF14 /* ProgressHUD.bundle */,
				F3E7982B1C449EFB0073AF14 /* ProgressHUD.h */,
				F3E7982C1C449EFB0073AF14 /* ProgressHUD.m */,
			);
			path = ProgressHUD;
			sourceTree = "<group>";
		};
		F3F544141C3FA0C600B0C1E8 /* PullingRefreshTableView */ = {
			isa = PBXGroup;
			children = (
				F3F544151C3FA0C600B0C1E8 /* blueArrow.png */,
				F3F544161C3FA0C600B0C1E8 /* blueArrowDown.png */,
				F3F544171C3FA0C600B0C1E8 /* PullingRefreshTableView.h */,
				F3F544181C3FA0C600B0C1E8 /* PullingRefreshTableView.m */,
			);
			path = PullingRefreshTableView;
			sourceTree = "<group>";
		};
/* End PBXGroup section */

/* Begin PBXNativeTarget section */
		F3CDFDD91C3A1C3200ECDA7C /* 最美周末 */ = {
			isa = PBXNativeTarget;
			buildConfigurationList = F3CDFDEB1C3A1C3200ECDA7C /* Build configuration list for PBXNativeTarget "最美周末" */;
			buildPhases = (
				F25230B8C514DD3B6F4217AE /* Check Pods Manifest.lock */,
				F3CDFDD61C3A1C3200ECDA7C /* Sources */,
				F3CDFDD71C3A1C3200ECDA7C /* Frameworks */,
				F3CDFDD81C3A1C3200ECDA7C /* Resources */,
				3B6B530052A4F05BDA75A24F /* Embed Pods Frameworks */,
				636CC04470004E855E821228 /* Copy Pods Resources */,
			);
			buildRules = (
			);
			dependencies = (
			);
			name = "最美周末";
			productName = "最美周末";
			productReference = F3CDFDDA1C3A1C3200ECDA7C /* 最美周末.app */;
			productType = "com.apple.product-type.application";
		};
/* End PBXNativeTarget section */

/* Begin PBXProject section */
		F3CDFDD21C3A1C3100ECDA7C /* Project object */ = {
			isa = PBXProject;
			attributes = {
				LastUpgradeCheck = 0720;
				ORGANIZATIONNAME = "马娟娟";
				TargetAttributes = {
					F3CDFDD91C3A1C3200ECDA7C = {
						CreatedOnToolsVersion = 7.2;
						DevelopmentTeam = 6K2QGZ2A9Y;
					};
				};
			};
			buildConfigurationList = F3CDFDD51C3A1C3100ECDA7C /* Build configuration list for PBXProject "最美周末" */;
			compatibilityVersion = "Xcode 3.2";
			developmentRegion = English;
			hasScannedForEncodings = 0;
			knownRegions = (
				en,
				Base,
			);
			mainGroup = F3CDFDD11C3A1C3100ECDA7C;
			productRefGroup = F3CDFDDB1C3A1C3200ECDA7C /* Products */;
			projectDirPath = "";
			projectRoot = "";
			targets = (
				F3CDFDD91C3A1C3200ECDA7C /* 最美周末 */,
			);
		};
/* End PBXProject section */

/* Begin PBXResourcesBuildPhase section */
		F3CDFDD81C3A1C3200ECDA7C /* Resources */ = {
			isa = PBXResourcesBuildPhase;
			buildActionMask = 2147483647;
			files = (
				F36FAEB41C3A767C00390961 /* MainTableViewCell.xib in Resources */,
				F39F3BB41C42522E008BA3B9 /* HotTheme.plist in Resources */,
				F3E798331C44FAD50073AF14 /* DiscoverTableViewCell.xib in Resources */,
				F3CDFE401C3A506B00ECDA7C /* Main.storyboard in Resources */,
				F3CDFE421C3A508200ECDA7C /* Discover.storyboard in Resources */,
				F3F7DFD91C3FC2270077546A /* good.plist in Resources */,
				F30BC2A41C3F5D5800B24E57 /* ActivityTheme.plist in Resources */,
				F3F5441A1C3FA0C600B0C1E8 /* blueArrowDown.png in Resources */,
				F3B5747C1C83D06800037955 /* Login.storyboard in Resources */,
				F3FBF8681C43A86600D92381 /* typeid23.plist in Resources */,
				F3E7982D1C449EFB0073AF14 /* ProgressHUD.bundle in Resources */,
				F3F35DF51C47CD5200A54519 /* Best周末.jpg in Resources */,
				F3CDFE441C3A509300ECDA7C /* Mine.storyboard in Resources */,
				F30C35931C451F610075C894 /* Discover.plist in Resources */,
				F3CDFDE41C3A1C3200ECDA7C /* Assets.xcassets in Resources */,
				F3C7FC301C47237F00AA8C37 /* WeiboSDK.bundle in Resources */,
				F31B49A61C3B8D49003BDB2F /* Main.plist in Resources */,
				F3F544191C3FA0C600B0C1E8 /* blueArrow.png in Resources */,
				F39F80411C3D1B13003B9212 /* ActivityDetail.plist in Resources */,
				F3FBF8661C43A86000D92381 /* typeid6.plist in Resources */,
				F39F3BAF1C423423008BA3B9 /* HotThemeTableViewCell.xib in Resources */,
				F3FBF86C1C43A87200D92381 /* typeud21.plist in Resources */,
				F3FBF86A1C43A86C00D92381 /* typeid22.plist in Resources */,
				F3CDFDE71C3A1C3200ECDA7C /* LaunchScreen.storyboard in Resources */,
				F3C1865F1C410B010045E19F /* GoodActivityTableViewCell.xib in Resources */,
			);
			runOnlyForDeploymentPostprocessing = 0;
		};
/* End PBXResourcesBuildPhase section */

/* Begin PBXShellScriptBuildPhase section */
		3B6B530052A4F05BDA75A24F /* Embed Pods Frameworks */ = {
			isa = PBXShellScriptBuildPhase;
			buildActionMask = 2147483647;
			files = (
			);
			inputPaths = (
			);
			name = "Embed Pods Frameworks";
			outputPaths = (
			);
			runOnlyForDeploymentPostprocessing = 0;
			shellPath = /bin/sh;
			shellScript = "\"${SRCROOT}/Pods/Target Support Files/Pods/Pods-frameworks.sh\"\n";
			showEnvVarsInLog = 0;
		};
		636CC04470004E855E821228 /* Copy Pods Resources */ = {
			isa = PBXShellScriptBuildPhase;
			buildActionMask = 2147483647;
			files = (
			);
			inputPaths = (
			);
			name = "Copy Pods Resources";
			outputPaths = (
			);
			runOnlyForDeploymentPostprocessing = 0;
			shellPath = /bin/sh;
			shellScript = "\"${SRCROOT}/Pods/Target Support Files/Pods/Pods-resources.sh\"\n";
			showEnvVarsInLog = 0;
		};
		F25230B8C514DD3B6F4217AE /* Check Pods Manifest.lock */ = {
			isa = PBXShellScriptBuildPhase;
			buildActionMask = 2147483647;
			files = (
			);
			inputPaths = (
			);
			name = "Check Pods Manifest.lock";
			outputPaths = (
			);
			runOnlyForDeploymentPostprocessing = 0;
			shellPath = /bin/sh;
			shellScript = "diff \"${PODS_ROOT}/../Podfile.lock\" \"${PODS_ROOT}/Manifest.lock\" > /dev/null\nif [[ $? != 0 ]] ; then\n    cat << EOM\nerror: The sandbox is not in sync with the Podfile.lock. Run 'pod install' or update your CocoaPods installation.\nEOM\n    exit 1\nfi\n";
			showEnvVarsInLog = 0;
		};
/* End PBXShellScriptBuildPhase section */

/* Begin PBXSourcesBuildPhase section */
		F3CDFDD61C3A1C3200ECDA7C /* Sources */ = {
			isa = PBXSourcesBuildPhase;
			buildActionMask = 2147483647;
			files = (
				F39D49DC1C3E4C42002B12B5 /* HWTools.m in Sources */,
				F360C5121C43913100CBB1DC /* VOIndicatorAnimation.m in Sources */,
				F36FAEB31C3A767C00390961 /* MainTableViewCell.m in Sources */,
				F360C5111C43913100CBB1DC /* VOContentLayer.m in Sources */,
				F3A8EE511C3E10E800137082 /* ActivityView.m in Sources */,
				F360C5131C43913100CBB1DC /* VOSegment.m in Sources */,
				F3E798321C44FAD50073AF14 /* DiscoverTableViewCell.m in Sources */,
				F39F80391C3CC07D003B9212 /* HotActivityViewController.m in Sources */,
				F3CDFDE21C3A1C3200ECDA7C /* AppDelegate.m in Sources */,
				F39F80361C3CC06B003B9212 /* GoodActivityViewController.m in Sources */,
				F39F80331C3CBFFF003B9212 /* ClassfyViewController.m in Sources */,
				F3CDFE3A1C3A4DC600ECDA7C /* DiscoverViewController.m in Sources */,
				F3CDFE3C1C3A4DC600ECDA7C /* MineViewController.m in Sources */,
				F3C7FC3D1C474DE800AA8C37 /* ShareViewController.m in Sources */,
				F3F7DFD71C3FBE610077546A /* GoodActivityModel.m in Sources */,
				F3E798691C4512750073AF14 /* DiscoverModel.m in Sources */,
				F360C5141C43913100CBB1DC /* VOSegmentedControl.m in Sources */,
				F39F802D1C3CBE6F003B9212 /* ActivityDetailViewController.m in Sources */,
				F39F802A1C3CBD9D003B9212 /* SearchViewController.m in Sources */,
				F30BC2A71C3F5ECD00B24E57 /* ActivityThemeView.m in Sources */,
				F39F80301C3CBF43003B9212 /* ThemeViewController.m in Sources */,
				F3C7FC3A1C47386200AA8C37 /* ShareView.m in Sources */,
				F3F5441B1C3FA0C600B0C1E8 /* PullingRefreshTableView.m in Sources */,
				F3CDFDDF1C3A1C3200ECDA7C /* main.m in Sources */,
				F3B5747F1C83D09100037955 /* LoginViewController.m in Sources */,
				F39F3BAE1C423423008BA3B9 /* HotThemeTableViewCell.m in Sources */,
				F3E7982E1C449EFB0073AF14 /* ProgressHUD.m in Sources */,
				F39F3BB21C4235BA008BA3B9 /* HotThemeModel.m in Sources */,
				F39F80271C3CBC27003B9212 /* SelectCityViewController.m in Sources */,
				F3CDFE3B1C3A4DC600ECDA7C /* MainViewController.m in Sources */,
				F39D49DF1C3E5B17002B12B5 /* UIView+Extesion.m in Sources */,
				F3C1865E1C410B010045E19F /* GoodActivityTableViewCell.m in Sources */,
				F39F80441C3D2085003B9212 /* UIViewController+Common.m in Sources */,
				F31B49A91C3BA07D003BDB2F /* MainModel.m in Sources */,
			);
			runOnlyForDeploymentPostprocessing = 0;
		};
/* End PBXSourcesBuildPhase section */

/* Begin PBXVariantGroup section */
		F3CDFDE51C3A1C3200ECDA7C /* LaunchScreen.storyboard */ = {
			isa = PBXVariantGroup;
			children = (
				F3CDFDE61C3A1C3200ECDA7C /* Base */,
			);
			name = LaunchScreen.storyboard;
			sourceTree = "<group>";
		};
/* End PBXVariantGroup section */

/* Begin XCBuildConfiguration section */
		F3CDFDE91C3A1C3200ECDA7C /* Debug */ = {
			isa = XCBuildConfiguration;
			buildSettings = {
				ALWAYS_SEARCH_USER_PATHS = NO;
				CLANG_CXX_LANGUAGE_STANDARD = "gnu++0x";
				CLANG_CXX_LIBRARY = "libc++";
				CLANG_ENABLE_MODULES = YES;
				CLANG_ENABLE_OBJC_ARC = YES;
				CLANG_WARN_BOOL_CONVERSION = YES;
				CLANG_WARN_CONSTANT_CONVERSION = YES;
				CLANG_WARN_DIRECT_OBJC_ISA_USAGE = YES_ERROR;
				CLANG_WARN_EMPTY_BODY = YES;
				CLANG_WARN_ENUM_CONVERSION = YES;
				CLANG_WARN_INT_CONVERSION = YES;
				CLANG_WARN_OBJC_ROOT_CLASS = YES_ERROR;
				CLANG_WARN_UNREACHABLE_CODE = YES;
				CLANG_WARN__DUPLICATE_METHOD_MATCH = YES;
				"CODE_SIGN_IDENTITY[sdk=iphoneos*]" = "iPhone Developer";
				COPY_PHASE_STRIP = NO;
				DEBUG_INFORMATION_FORMAT = dwarf;
				ENABLE_STRICT_OBJC_MSGSEND = YES;
				ENABLE_TESTABILITY = YES;
				GCC_C_LANGUAGE_STANDARD = gnu99;
				GCC_DYNAMIC_NO_PIC = NO;
				GCC_NO_COMMON_BLOCKS = YES;
				GCC_OPTIMIZATION_LEVEL = 0;
				GCC_PREPROCESSOR_DEFINITIONS = (
					"DEBUG=1",
					"$(inherited)",
				);
				GCC_WARN_64_TO_32_BIT_CONVERSION = YES;
				GCC_WARN_ABOUT_RETURN_TYPE = YES_ERROR;
				GCC_WARN_UNDECLARED_SELECTOR = YES;
				GCC_WARN_UNINITIALIZED_AUTOS = YES_AGGRESSIVE;
				GCC_WARN_UNUSED_FUNCTION = YES;
				GCC_WARN_UNUSED_VARIABLE = YES;
				IPHONEOS_DEPLOYMENT_TARGET = 9.2;
				MTL_ENABLE_DEBUG_INFO = YES;
				ONLY_ACTIVE_ARCH = YES;
				SDKROOT = iphoneos;
			};
			name = Debug;
		};
		F3CDFDEA1C3A1C3200ECDA7C /* Release */ = {
			isa = XCBuildConfiguration;
			buildSettings = {
				ALWAYS_SEARCH_USER_PATHS = NO;
				CLANG_CXX_LANGUAGE_STANDARD = "gnu++0x";
				CLANG_CXX_LIBRARY = "libc++";
				CLANG_ENABLE_MODULES = YES;
				CLANG_ENABLE_OBJC_ARC = YES;
				CLANG_WARN_BOOL_CONVERSION = YES;
				CLANG_WARN_CONSTANT_CONVERSION = YES;
				CLANG_WARN_DIRECT_OBJC_ISA_USAGE = YES_ERROR;
				CLANG_WARN_EMPTY_BODY = YES;
				CLANG_WARN_ENUM_CONVERSION = YES;
				CLANG_WARN_INT_CONVERSION = YES;
				CLANG_WARN_OBJC_ROOT_CLASS = YES_ERROR;
				CLANG_WARN_UNREACHABLE_CODE = YES;
				CLANG_WARN__DUPLICATE_METHOD_MATCH = YES;
				"CODE_SIGN_IDENTITY[sdk=iphoneos*]" = "iPhone Developer";
				COPY_PHASE_STRIP = NO;
				DEBUG_INFORMATION_FORMAT = "dwarf-with-dsym";
				ENABLE_NS_ASSERTIONS = NO;
				ENABLE_STRICT_OBJC_MSGSEND = YES;
				GCC_C_LANGUAGE_STANDARD = gnu99;
				GCC_NO_COMMON_BLOCKS = YES;
				GCC_WARN_64_TO_32_BIT_CONVERSION = YES;
				GCC_WARN_ABOUT_RETURN_TYPE = YES_ERROR;
				GCC_WARN_UNDECLARED_SELECTOR = YES;
				GCC_WARN_UNINITIALIZED_AUTOS = YES_AGGRESSIVE;
				GCC_WARN_UNUSED_FUNCTION = YES;
				GCC_WARN_UNUSED_VARIABLE = YES;
				IPHONEOS_DEPLOYMENT_TARGET = 9.2;
				MTL_ENABLE_DEBUG_INFO = NO;
				SDKROOT = iphoneos;
				VALIDATE_PRODUCT = YES;
			};
			name = Release;
		};
		F3CDFDEC1C3A1C3200ECDA7C /* Debug */ = {
			isa = XCBuildConfiguration;
			baseConfigurationReference = 473CA0BCF906FDE37D28A026 /* Pods.debug.xcconfig */;
			buildSettings = {
				ASSETCATALOG_COMPILER_APPICON_NAME = AppIcon;
				CODE_SIGN_IDENTITY = "iPhone Developer";
				"CODE_SIGN_IDENTITY[sdk=iphoneos*]" = "iPhone Developer";
				ENABLE_BITCODE = NO;
				FRAMEWORK_SEARCH_PATHS = (
					"$(inherited)",
					"$(PROJECT_DIR)/最美周末/Library/Bmob_SDK_iOS_v1.6.6",
				);
				GCC_PRECOMPILE_PREFIX_HEADER = YES;
				GCC_PREFIX_HEADER = "/Users/qipeng/Desktop/最美周末/最美周末/Library/tools/Main.pch";
				INFOPLIST_FILE = "最美周末/Info.plist";
				IPHONEOS_DEPLOYMENT_TARGET = 7.0;
				LD_RUNPATH_SEARCH_PATHS = "$(inherited) @executable_path/Frameworks";
				LIBRARY_SEARCH_PATHS = (
					"$(inherited)",
					"$(PROJECT_DIR)/最美周末/Library/libWeiboSDK",
					"$(PROJECT_DIR)/最美周末/Library/libWeiboSDK/SDKExport",
				);
				PRODUCT_BUNDLE_IDENTIFIER = "can.Mangoinc.----";
				PRODUCT_NAME = "$(TARGET_NAME)";
				PROVISIONING_PROFILE = "";
			};
			name = Debug;
		};
		F3CDFDED1C3A1C3200ECDA7C /* Release */ = {
			isa = XCBuildConfiguration;
			baseConfigurationReference = A4BF24AFDE9D41F184091649 /* Pods.release.xcconfig */;
			buildSettings = {
				ASSETCATALOG_COMPILER_APPICON_NAME = AppIcon;
				CODE_SIGN_IDENTITY = "iPhone Developer";
				"CODE_SIGN_IDENTITY[sdk=iphoneos*]" = "iPhone Developer";
				ENABLE_BITCODE = NO;
				FRAMEWORK_SEARCH_PATHS = (
					"$(inherited)",
					"$(PROJECT_DIR)/最美周末/Library/Bmob_SDK_iOS_v1.6.6",
				);
				GCC_PRECOMPILE_PREFIX_HEADER = YES;
				GCC_PREFIX_HEADER = "/Users/qipeng/Desktop/最美周末/最美周末/Library/tools/Main.pch";
				INFOPLIST_FILE = "最美周末/Info.plist";
				IPHONEOS_DEPLOYMENT_TARGET = 7.0;
				LD_RUNPATH_SEARCH_PATHS = "$(inherited) @executable_path/Frameworks";
				LIBRARY_SEARCH_PATHS = (
					"$(inherited)",
					"$(PROJECT_DIR)/最美周末/Library/libWeiboSDK",
					"$(PROJECT_DIR)/最美周末/Library/libWeiboSDK/SDKExport",
				);
				PRODUCT_BUNDLE_IDENTIFIER = "can.Mangoinc.----";
				PRODUCT_NAME = "$(TARGET_NAME)";
				PROVISIONING_PROFILE = "";
			};
			name = Release;
		};
/* End XCBuildConfiguration section */

/* Begin XCConfigurationList section */
		F3CDFDD51C3A1C3100ECDA7C /* Build configuration list for PBXProject "最美周末" */ = {
			isa = XCConfigurationList;
			buildConfigurations = (
				F3CDFDE91C3A1C3200ECDA7C /* Debug */,
				F3CDFDEA1C3A1C3200ECDA7C /* Release */,
			);
			defaultConfigurationIsVisible = 0;
			defaultConfigurationName = Release;
		};
		F3CDFDEB1C3A1C3200ECDA7C /* Build configuration list for PBXNativeTarget "最美周末" */ = {
			isa = XCConfigurationList;
			buildConfigurations = (
				F3CDFDEC1C3A1C3200ECDA7C /* Debug */,
				F3CDFDED1C3A1C3200ECDA7C /* Release */,
			);
			defaultConfigurationIsVisible = 0;
			defaultConfigurationName = Release;
		};
/* End XCConfigurationList section */
	};
	rootObject = F3CDFDD21C3A1C3100ECDA7C /* Project object */;
}
